// !$*UTF8*$!
{
	archiveVersion = 1;
	classes = {
	};
	objectVersion = 50;
	objects = {

/* Begin PBXBuildFile section */
		3DD5DAE321CF7D3F004F3B8B /* AppDelegate.swift in Sources */ = {isa = PBXBuildFile; fileRef = 3DD5DAE221CF7D3F004F3B8B /* AppDelegate.swift */; };
		3DD5DAE521CF7D3F004F3B8B /* ViewController.swift in Sources */ = {isa = PBXBuildFile; fileRef = 3DD5DAE421CF7D3F004F3B8B /* ViewController.swift */; };
		3DD5DAE821CF7D3F004F3B8B /* Main.storyboard in Resources */ = {isa = PBXBuildFile; fileRef = 3DD5DAE621CF7D3F004F3B8B /* Main.storyboard */; };
		3DD5DAEA21CF7D40004F3B8B /* Assets.xcassets in Resources */ = {isa = PBXBuildFile; fileRef = 3DD5DAE921CF7D40004F3B8B /* Assets.xcassets */; };
		3DD5DAED21CF7D40004F3B8B /* LaunchScreen.storyboard in Resources */ = {isa = PBXBuildFile; fileRef = 3DD5DAEB21CF7D40004F3B8B /* LaunchScreen.storyboard */; };
		3DD5DAF821CF7E70004F3B8B /* UIDeviceExt.swift in Sources */ = {isa = PBXBuildFile; fileRef = 3DD5DAF521CF7E70004F3B8B /* UIDeviceExt.swift */; };
		3DD5DAFF21CF8A15004F3B8B /* SmartLayoutConstraint.swift in Sources */ = {isa = PBXBuildFile; fileRef = 3DD5DAFE21CF8A15004F3B8B /* SmartLayoutConstraint.swift */; };
/* End PBXBuildFile section */

/* Begin PBXFileReference section */
		3DD5DADF21CF7D3F004F3B8B /* DeviceSpecificAutolayout.app */ = {isa = PBXFileReference; explicitFileType = wrapper.application; includeInIndex = 0; path = DeviceSpecificAutolayout.app; sourceTree = BUILT_PRODUCTS_DIR; };
		3DD5DAE221CF7D3F004F3B8B /* AppDelegate.swift */ = {isa = PBXFileReference; lastKnownFileType = sourcecode.swift; path = AppDelegate.swift; sourceTree = "<group>"; };
		3DD5DAE421CF7D3F004F3B8B /* ViewController.swift */ = {isa = PBXFileReference; lastKnownFileType = sourcecode.swift; path = ViewController.swift; sourceTree = "<group>"; };
		3DD5DAE721CF7D3F004F3B8B /* Base */ = {isa = PBXFileReference; lastKnownFileType = file.storyboard; name = Base; path = Base.lproj/Main.storyboard; sourceTree = "<group>"; };
		3DD5DAE921CF7D40004F3B8B /* Assets.xcassets */ = {isa = PBXFileReference; lastKnownFileType = folder.assetcatalog; path = Assets.xcassets; sourceTree = "<group>"; };
		3DD5DAEC21CF7D40004F3B8B /* Base */ = {isa = PBXFileReference; lastKnownFileType = file.storyboard; name = Base; path = Base.lproj/LaunchScreen.storyboard; sourceTree = "<group>"; };
		3DD5DAEE21CF7D40004F3B8B /* Info.plist */ = {isa = PBXFileReference; lastKnownFileType = text.plist.xml; path = Info.plist; sourceTree = "<group>"; };
		3DD5DAF521CF7E70004F3B8B /* UIDeviceExt.swift */ = {isa = PBXFileReference; fileEncoding = 4; lastKnownFileType = sourcecode.swift; path = UIDeviceExt.swift; sourceTree = "<group>"; };
		3DD5DAF621CF7E70004F3B8B /* NSLayoutConstraint+NSCoding.h */ = {isa = PBXFileReference; fileEncoding = 4; lastKnownFileType = sourcecode.c.h; path = "NSLayoutConstraint+NSCoding.h"; sourceTree = "<group>"; };
		3DD5DAFA21CF7E9B004F3B8B /* DeviceSpecificAutolayout-Bridging-Header.h */ = {isa = PBXFileReference; lastKnownFileType = sourcecode.c.h; path = "DeviceSpecificAutolayout-Bridging-Header.h"; sourceTree = "<group>"; };
		3DD5DAFE21CF8A15004F3B8B /* SmartLayoutConstraint.swift */ = {isa = PBXFileReference; fileEncoding = 4; lastKnownFileType = sourcecode.swift; path = SmartLayoutConstraint.swift; sourceTree = "<group>"; };
/* End PBXFileReference section */

/* Begin PBXFrameworksBuildPhase section */
		3DD5DADC21CF7D3F004F3B8B /* Frameworks */ = {
			isa = PBXFrameworksBuildPhase;
			buildActionMask = 2147483647;
			files = (
			);
			runOnlyForDeploymentPostprocessing = 0;
		};
/* End PBXFrameworksBuildPhase section */

/* Begin PBXGroup section */
		3DD5DAD621CF7D3F004F3B8B = {
			isa = PBXGroup;
			children = (
				3DD5DAE121CF7D3F004F3B8B /* DeviceSpecificAutolayout */,
				3DD5DAE021CF7D3F004F3B8B /* Products */,
			);
			sourceTree = "<group>";
		};
		3DD5DAE021CF7D3F004F3B8B /* Products */ = {
			isa = PBXGroup;
			children = (
				3DD5DADF21CF7D3F004F3B8B /* DeviceSpecificAutolayout.app */,
			);
			name = Products;
			sourceTree = "<group>";
		};
		3DD5DAE121CF7D3F004F3B8B /* DeviceSpecificAutolayout */ = {
			isa = PBXGroup;
			children = (
				3DD5DAE221CF7D3F004F3B8B /* AppDelegate.swift */,
				3DD5DAE421CF7D3F004F3B8B /* ViewController.swift */,
				3DD5DAFA21CF7E9B004F3B8B /* DeviceSpecificAutolayout-Bridging-Header.h */,
				3DD5DAF421CF7E58004F3B8B /* Source */,
				3DD5DAE621CF7D3F004F3B8B /* Main.storyboard */,
				3DD5DAE921CF7D40004F3B8B /* Assets.xcassets */,
				3DD5DAEB21CF7D40004F3B8B /* LaunchScreen.storyboard */,
				3DD5DAEE21CF7D40004F3B8B /* Info.plist */,
			);
			path = DeviceSpecificAutolayout;
			sourceTree = "<group>";
		};
		3DD5DAF421CF7E58004F3B8B /* Source */ = {
			isa = PBXGroup;
			children = (
				3DD5DAFE21CF8A15004F3B8B /* SmartLayoutConstraint.swift */,
				3DD5DAF621CF7E70004F3B8B /* NSLayoutConstraint+NSCoding.h */,
				3DD5DAF521CF7E70004F3B8B /* UIDeviceExt.swift */,
			);
			path = Source;
			sourceTree = "<group>";
		};
/* End PBXGroup section */

/* Begin PBXNativeTarget section */
		3DD5DADE21CF7D3F004F3B8B /* DeviceSpecificAutolayout */ = {
			isa = PBXNativeTarget;
			buildConfigurationList = 3DD5DAF121CF7D40004F3B8B /* Build configuration list for PBXNativeTarget "DeviceSpecificAutolayout" */;
			buildPhases = (
				3DD5DADB21CF7D3F004F3B8B /* Sources */,
				3DD5DADC21CF7D3F004F3B8B /* Frameworks */,
				3DD5DADD21CF7D3F004F3B8B /* Resources */,
			);
			buildRules = (
			);
			dependencies = (
			);
			name = DeviceSpecificAutolayout;
			productName = DeviceSpecificAutolayout;
			productReference = 3DD5DADF21CF7D3F004F3B8B /* DeviceSpecificAutolayout.app */;
			productType = "com.apple.product-type.application";
		};
/* End PBXNativeTarget section */

/* Begin PBXProject section */
		3DD5DAD721CF7D3F004F3B8B /* Project object */ = {
			isa = PBXProject;
			attributes = {
				LastSwiftUpdateCheck = 1000;
				LastUpgradeCheck = 1000;
				ORGANIZATIONNAME = "Nagib Bin Azad";
				TargetAttributes = {
					3DD5DADE21CF7D3F004F3B8B = {
						CreatedOnToolsVersion = 10.0;
						LastSwiftMigration = 1000;
					};
				};
			};
			buildConfigurationList = 3DD5DADA21CF7D3F004F3B8B /* Build configuration list for PBXProject "DeviceSpecificAutolayout" */;
			compatibilityVersion = "Xcode 9.3";
			developmentRegion = en;
			hasScannedForEncodings = 0;
			knownRegions = (
				en,
				Base,
			);
			mainGroup = 3DD5DAD621CF7D3F004F3B8B;
			productRefGroup = 3DD5DAE021CF7D3F004F3B8B /* Products */;
			projectDirPath = "";
			projectRoot = "";
			targets = (
				3DD5DADE21CF7D3F004F3B8B /* DeviceSpecificAutolayout */,
			);
		};
/* End PBXProject section */

/* Begin PBXResourcesBuildPhase section */
		3DD5DADD21CF7D3F004F3B8B /* Resources */ = {
			isa = PBXResourcesBuildPhase;
			buildActionMask = 2147483647;
			files = (
				3DD5DAED21CF7D40004F3B8B /* LaunchScreen.storyboard in Resources */,
				3DD5DAEA21CF7D40004F3B8B /* Assets.xcassets in Resources */,
				3DD5DAE821CF7D3F004F3B8B /* Main.storyboard in Resources */,
			);
			runOnlyForDeploymentPostprocessing = 0;
		};
/* End PBXResourcesBuildPhase section */

/* Begin PBXSourcesBuildPhase section */
		3DD5DADB21CF7D3F004F3B8B /* Sources */ = {
			isa = PBXSourcesBuildPhase;
			buildActionMask = 2147483647;
			files = (
				3DD5DAFF21CF8A15004F3B8B /* SmartLayoutConstraint.swift in Sources */,
				3DD5DAE521CF7D3F004F3B8B /* ViewController.swift in Sources */,
				3DD5DAE321CF7D3F004F3B8B /* AppDelegate.swift in Sources */,
				3DD5DAF821CF7E70004F3B8B /* UIDeviceExt.swift in Sources */,
			);
			runOnlyForDeploymentPostprocessing = 0;
		};
/* End PBXSourcesBuildPhase section */

/* Begin PBXVariantGroup section */
		3DD5DAE621CF7D3F004F3B8B /* Main.storyboard */ = {
			isa = PBXVariantGroup;
			children = (
				3DD5DAE721CF7D3F004F3B8B /* Base */,
			);
			name = Main.storyboard;
			sourceTree = "<group>";
		};
		3DD5DAEB21CF7D40004F3B8B /* LaunchScreen.storyboard */ = {
			isa = PBXVariantGroup;
			children = (
				3DD5DAEC21CF7D40004F3B8B /* Base */,
			);
			name = LaunchScreen.storyboard;
			sourceTree = "<group>";
		};
/* End PBXVariantGroup section */

/* Begin XCBuildConfiguration section */
		3DD5DAEF21CF7D40004F3B8B /* Debug */ = {
			isa = XCBuildConfiguration;
			buildSettings = {
				ALWAYS_SEARCH_USER_PATHS = NO;
				CLANG_ANALYZER_NONNULL = YES;
				CLANG_ANALYZER_NUMBER_OBJECT_CONVERSION = YES_AGGRESSIVE;
				CLANG_CXX_LANGUAGE_STANDARD = "gnu++14";
				CLANG_CXX_LIBRARY = "libc++";
				CLANG_ENABLE_MODULES = YES;
				CLANG_ENABLE_OBJC_ARC = YES;
				CLANG_ENABLE_OBJC_WEAK = YES;
				CLANG_WARN_BLOCK_CAPTURE_AUTORELEASING = YES;
				CLANG_WARN_BOOL_CONVERSION = YES;
				CLANG_WARN_COMMA = YES;
				CLANG_WARN_CONSTANT_CONVERSION = YES;
				CLANG_WARN_DEPRECATED_OBJC_IMPLEMENTATIONS = YES;
				CLANG_WARN_DIRECT_OBJC_ISA_USAGE = YES_ERROR;
				CLANG_WARN_DOCUMENTATION_COMMENTS = YES;
				CLANG_WARN_EMPTY_BODY = YES;
				CLANG_WARN_ENUM_CONVERSION = YES;
				CLANG_WARN_INFINITE_RECURSION = YES;
				CLANG_WARN_INT_CONVERSION = YES;
				CLANG_WARN_NON_LITERAL_NULL_CONVERSION = YES;
				CLANG_WARN_OBJC_IMPLICIT_RETAIN_SELF = YES;
				CLANG_WARN_OBJC_LITERAL_CONVERSION = YES;
				CLANG_WARN_OBJC_ROOT_CLASS = YES_ERROR;
				CLANG_WARN_RANGE_LOOP_ANALYSIS = YES;
				CLANG_WARN_STRICT_PROTOTYPES = YES;
				CLANG_WARN_SUSPICIOUS_MOVE = YES;
				CLANG_WARN_UNGUARDED_AVAILABILITY = YES_AGGRESSIVE;
				CLANG_WARN_UNREACHABLE_CODE = YES;
				CLANG_WARN__DUPLICATE_METHOD_MATCH = YES;
				CODE_SIGN_IDENTITY = "iPhone Developer";
				COPY_PHASE_STRIP = NO;
				DEBUG_INFORMATION_FORMAT = dwarf;
				ENABLE_STRICT_OBJC_MSGSEND = YES;
				ENABLE_TESTABILITY = YES;
				GCC_C_LANGUAGE_STANDARD = gnu11;
				GCC_DYNAMIC_NO_PIC = NO;
				GCC_NO_COMMON_BLOCKS = YES;
				GCC_OPTIMIZATION_LEVEL = 0;
				GCC_PREPROCESSOR_DEFINITIONS = (
					"DEBUG=1",
					"$(inherited)",
				);
				GCC_WARN_64_TO_32_BIT_CONVERSION = YES;
				GCC_WARN_ABOUT_RETURN_TYPE = YES_ERROR;
				GCC_WARN_UNDECLARED_SELECTOR = YES;
				GCC_WARN_UNINITIALIZED_AUTOS = YES_AGGRESSIVE;
				GCC_WARN_UNUSED_FUNCTION = YES;
				GCC_WARN_UNUSED_VARIABLE = YES;
				IPHONEOS_DEPLOYMENT_TARGET = 12.0;
				MTL_ENABLE_DEBUG_INFO = INCLUDE_SOURCE;
				MTL_FAST_MATH = YES;
				ONLY_ACTIVE_ARCH = YES;
				SDKROOT = iphoneos;
				SWIFT_ACTIVE_COMPILATION_CONDITIONS = DEBUG;
				SWIFT_OPTIMIZATION_LEVEL = "-Onone";
			};
			name = Debug;
		};
		3DD5DAF021CF7D40004F3B8B /* Release */ = {
			isa = XCBuildConfiguration;
			buildSettings = {
				ALWAYS_SEARCH_USER_PATHS = NO;
				CLANG_ANALYZER_NONNULL = YES;
				CLANG_ANALYZER_NUMBER_OBJECT_CONVERSION = YES_AGGRESSIVE;
				CLANG_CXX_LANGUAGE_STANDARD = "gnu++14";
				CLANG_CXX_LIBRARY = "libc++";
				CLANG_ENABLE_MODULES = YES;
				CLANG_ENABLE_OBJC_ARC = YES;
				CLANG_ENABLE_OBJC_WEAK = YES;
				CLANG_WARN_BLOCK_CAPTURE_AUTORELEASING = YES;
				CLANG_WARN_BOOL_CONVERSION = YES;
				CLANG_WARN_COMMA = YES;
				CLANG_WARN_CONSTANT_CONVERSION = YES;
				CLANG_WARN_DEPRECATED_OBJC_IMPLEMENTATIONS = YES;
				CLANG_WARN_DIRECT_OBJC_ISA_USAGE = YES_ERROR;
				CLANG_WARN_DOCUMENTATION_COMMENTS = YES;
				CLANG_WARN_EMPTY_BODY = YES;
				CLANG_WARN_ENUM_CONVERSION = YES;
				CLANG_WARN_INFINITE_RECURSION = YES;
				CLANG_WARN_INT_CONVERSION = YES;
				CLANG_WARN_NON_LITERAL_NULL_CONVERSION = YES;
				CLANG_WARN_OBJC_IMPLICIT_RETAIN_SELF = YES;
				CLANG_WARN_OBJC_LITERAL_CONVERSION = YES;
				CLANG_WARN_OBJC_ROOT_CLASS = YES_ERROR;
				CLANG_WARN_RANGE_LOOP_ANALYSIS = YES;
				CLANG_WARN_STRICT_PROTOTYPES = YES;
				CLANG_WARN_SUSPICIOUS_MOVE = YES;
				CLANG_WARN_UNGUARDED_AVAILABILITY = YES_AGGRESSIVE;
				CLANG_WARN_UNREACHABLE_CODE = YES;
				CLANG_WARN__DUPLICATE_METHOD_MATCH = YES;
				CODE_SIGN_IDENTITY = "iPhone Developer";
				COPY_PHASE_STRIP = NO;
				DEBUG_INFORMATION_FORMAT = "dwarf-with-dsym";
				ENABLE_NS_ASSERTIONS = NO;
				ENABLE_STRICT_OBJC_MSGSEND = YES;
				GCC_C_LANGUAGE_STANDARD = gnu11;
				GCC_NO_COMMON_BLOCKS = YES;
				GCC_WARN_64_TO_32_BIT_CONVERSION = YES;
				GCC_WARN_ABOUT_RETURN_TYPE = YES_ERROR;
				GCC_WARN_UNDECLARED_SELECTOR = YES;
				GCC_WARN_UNINITIALIZED_AUTOS = YES_AGGRESSIVE;
				GCC_WARN_UNUSED_FUNCTION = YES;
				GCC_WARN_UNUSED_VARIABLE = YES;
				IPHONEOS_DEPLOYMENT_TARGET = 12.0;
				MTL_ENABLE_DEBUG_INFO = NO;
				MTL_FAST_MATH = YES;
				SDKROOT = iphoneos;
				SWIFT_COMPILATION_MODE = wholemodule;
				SWIFT_OPTIMIZATION_LEVEL = "-O";
				VALIDATE_PRODUCT = YES;
			};
			name = Release;
		};
		3DD5DAF221CF7D40004F3B8B /* Debug */ = {
			isa = XCBuildConfiguration;
			buildSettings = {
				ASSETCATALOG_COMPILER_APPICON_NAME = AppIcon;
				CLANG_ENABLE_MODULES = YES;
				CODE_SIGN_STYLE = Automatic;
				INFOPLIST_FILE = DeviceSpecificAutolayout/Info.plist;
				LD_RUNPATH_SEARCH_PATHS = (
					"$(inherited)",
					"@executable_path/Frameworks",
				);
				PRODUCT_BUNDLE_IDENTIFIER = NBA.DeviceSpecificAutolayout;
				PRODUCT_NAME = "$(TARGET_NAME)";
				SWIFT_OBJC_BRIDGING_HEADER = "DeviceSpecificAutolayout/DeviceSpecificAutolayout-Bridging-Header.h";
				SWIFT_OPTIMIZATION_LEVEL = "-Onone";
				SWIFT_VERSION = 4.2;
				TARGETED_DEVICE_FAMILY = "1,2";
			};
			name = Debug;
		};
		3DD5DAF321CF7D40004F3B8B /* Release */ = {
			isa = XCBuildConfiguration;
			buildSettings = {
				ASSETCATALOG_COMPILER_APPICON_NAME = AppIcon;
				CLANG_ENABLE_MODULES = YES;
				CODE_SIGN_STYLE = Automatic;
				INFOPLIST_FILE = DeviceSpecificAutolayout/Info.plist;
				LD_RUNPATH_SEARCH_PATHS = (
					"$(inherited)",
					"@executable_path/Frameworks",
				);
				PRODUCT_BUNDLE_IDENTIFIER = NBA.DeviceSpecificAutolayout;
				PRODUCT_NAME = "$(TARGET_NAME)";
				SWIFT_OBJC_BRIDGING_HEADER = "DeviceSpecificAutolayout/DeviceSpecificAutolayout-Bridging-Header.h";
				SWIFT_VERSION = 4.2;
				TARGETED_DEVICE_FAMILY = "1,2";
			};
			name = Release;
		};
/* End XCBuildConfiguration section */

/* Begin XCConfigurationList section */
		3DD5DADA21CF7D3F004F3B8B /* Build configuration list for PBXProject "DeviceSpecificAutolayout" */ = {
			isa = XCConfigurationList;
			buildConfigurations = (
				3DD5DAEF21CF7D40004F3B8B /* Debug */,
				3DD5DAF021CF7D40004F3B8B /* Release */,
			);
			defaultConfigurationIsVisible = 0;
			defaultConfigurationName = Release;
		};
		3DD5DAF121CF7D40004F3B8B /* Build configuration list for PBXNativeTarget "DeviceSpecificAutolayout" */ = {
			isa = XCConfigurationList;
			buildConfigurations = (
				3DD5DAF221CF7D40004F3B8B /* Debug */,
				3DD5DAF321CF7D40004F3B8B /* Release */,
			);
			defaultConfigurationIsVisible = 0;
			defaultConfigurationName = Release;
		};
/* End XCConfigurationList section */
	};
	rootObject = 3DD5DAD721CF7D3F004F3B8B /* Project object */;
}
